
Microsoft Visual Studio Solution File, Format Version 12.00
# Visual Studio Version 17
VisualStudioVersion = 17.3.32901.215
MinimumVisualStudioVersion = 10.0.40219.1
Project("{FAE04EC0-301F-11D3-BF4B-00C04F79EFBC}") = "TrainingProject", "TrainingProject\TrainingProject.csproj", "{09F5191C-5AE4-4703-971C-056B6C44F56D}"
EndProject
Global
	GlobalSection(SolutionConfigurationPlatforms) = preSolution
		Debug|Any CPU = Debug|Any CPU
		Release|Any CPU = Release|Any CPU
	EndGlobalSection
	GlobalSection(ProjectConfigurationPlatforms) = postSolution
		{09F5191C-5AE4-4703-971C-056B6C44F56D}.Debug|Any CPU.ActiveCfg = Debug|Any CPU
		{09F5191C-5AE4-4703-971C-056B6C44F56D}.Debug|Any CPU.Build.0 = Debug|Any CPU
		{09F5191C-5AE4-4703-971C-056B6C44F56D}.Release|Any CPU.ActiveCfg = Release|Any CPU
		{09F5191C-5AE4-4703-971C-056B6C44F56D}.Release|Any CPU.Build.0 = Release|Any CPU
	EndGlobalSection
	GlobalSection(SolutionProperties) = preSolution
		HideSolutionNode = FALSE
	EndGlobalSection
	GlobalSection(ExtensibilityGlobals) = postSolution
		SolutionGuid = {0333DA4E-F28A-4B8B-829A-2521E61F83A2}
	EndGlobalSection
EndGlobal
