
Microsoft Visual Studio Solution File, Format Version 12.00
# Visual Studio Version 17
VisualStudioVersion = 17.3.32901.215
MinimumVisualStudioVersion = 10.0.40219.1
Project("{2150E333-8FDC-42A3-9474-1A3956D46DE8}") = "Solution Items", "Solution Items", "{7564ABE7-907A-4041-9FE3-AA5177DAA590}"
	ProjectSection(SolutionItems) = preProject
		docker-compose.override.yml = docker-compose.override.yml
		docker-compose.yml = docker-compose.yml
		TrainingProject\global.json = TrainingProject\global.json
		..\README.md = ..\README.md
	EndProjectSection
EndProject
Project("{2150E333-8FDC-42A3-9474-1A3956D46DE8}") = "src", "src", "{C34992C7-F74C-4C11-9366-448003522171}"
EndProject
Project("{2150E333-8FDC-42A3-9474-1A3956D46DE8}") = "test", "test", "{112C8370-6C66-4ADD-8D12-76EC0FF5A8D2}"
EndProject
Project("{2150E333-8FDC-42A3-9474-1A3956D46DE8}") = "ApiGateways", "ApiGateways", "{324EE98E-E884-44AF-976D-3F63191C21F7}"
EndProject
Project("{2150E333-8FDC-42A3-9474-1A3956D46DE8}") = "BuildingBlocks", "BuildingBlocks", "{E7A3529F-B524-4DC8-9567-3B17B4047A77}"
EndProject
Project("{2150E333-8FDC-42A3-9474-1A3956D46DE8}") = "Services", "Services", "{065B866D-D404-4F4F-A70A-83A028E2E23F}"
EndProject
Project("{2150E333-8FDC-42A3-9474-1A3956D46DE8}") = "WebApps", "WebApps", "{2BF82410-8284-439B-B00D-5C990AD7BB1B}"
EndProject
Project("{9A19103F-16F7-4668-BE54-9A1E7A4F7556}") = "Common.Logging", "src\BuildingBlocks\Common.Logging\Common.Logging.csproj", "{F66BBA04-961D-4320-BC30-27315DD7B5B4}"
EndProject
Project("{9A19103F-16F7-4668-BE54-9A1E7A4F7556}") = "EventBus.Messages", "src\BuildingBlocks\EventBus.Messages\EventBus.Messages.csproj", "{1D00DD1B-E934-401C-B3E7-164CA4B856B0}"
EndProject
Project("{2150E333-8FDC-42A3-9474-1A3956D46DE8}") = "Product", "Product", "{60FEA658-D68E-47BD-A8E2-3BBB4C70004E}"
EndProject
Project("{2150E333-8FDC-42A3-9474-1A3956D46DE8}") = "Customer", "Customer", "{AC9E6187-4EEF-4602-BAD8-BB25E7E51636}"
EndProject
Project("{2150E333-8FDC-42A3-9474-1A3956D46DE8}") = "Basket", "Basket", "{F1AF4980-3500-4936-AC6E-659AB30E4405}"
EndProject
Project("{2150E333-8FDC-42A3-9474-1A3956D46DE8}") = "Ordering", "Ordering", "{E4B863E6-5222-4CEF-A877-114371398923}"
EndProject
Project("{2150E333-8FDC-42A3-9474-1A3956D46DE8}") = "Inventory", "Inventory", "{F6330033-67A6-4928-AE86-FEBCE7AE0A92}"
EndProject
Project("{2150E333-8FDC-42A3-9474-1A3956D46DE8}") = "ScheduledJob", "ScheduledJob", "{D8EEB5D0-2E7B-4E38-951E-8FE7EF8B8C26}"
EndProject
Project("{9A19103F-16F7-4668-BE54-9A1E7A4F7556}") = "WebHealthStatus", "src\WebApps\WebHealthStatus\WebHealthStatus.csproj", "{882BE83A-CFDC-4EF1-AE56-D425AC0AE218}"
EndProject
Project("{9A19103F-16F7-4668-BE54-9A1E7A4F7556}") = "Basket.API", "src\Services\Basket.API\Basket.API.csproj", "{29491C6B-B960-4105-8C30-0BE75610567C}"
EndProject
Project("{9A19103F-16F7-4668-BE54-9A1E7A4F7556}") = "Customer.API", "src\Services\Customer.API\Customer.API.csproj", "{E5283DB8-F503-469A-8CDB-B5BCB09384C0}"
EndProject
Project("{9A19103F-16F7-4668-BE54-9A1E7A4F7556}") = "Inventory.API", "src\Services\Inventory.API\Inventory.API.csproj", "{8FBEF8CA-31AE-43C7-B2F0-1C3247A9A6A7}"
EndProject
Project("{9A19103F-16F7-4668-BE54-9A1E7A4F7556}") = "Ordering.API", "src\Services\Ordering.API\Ordering.API.csproj", "{0B59EB64-F795-4D12-9655-5C06E41410B2}"
EndProject
Project("{9A19103F-16F7-4668-BE54-9A1E7A4F7556}") = "Product.API", "src\Services\Product.API\Product.API.csproj", "{B6104EA1-84AE-4B53-BBB9-706535F0E54B}"
EndProject
Project("{9A19103F-16F7-4668-BE54-9A1E7A4F7556}") = "Hangfire.API", "src\Services\Hangfire.API\Hangfire.API.csproj", "{C67C5BB5-2742-4B02-B6A3-73A0B8688637}"
EndProject
Project("{9A19103F-16F7-4668-BE54-9A1E7A4F7556}") = "Contracts", "src\BuildingBlocks\Contracts\Contracts.csproj", "{E38D6A7A-2F3B-44A6-B178-6C9333F57EC6}"
EndProject
Project("{9A19103F-16F7-4668-BE54-9A1E7A4F7556}") = "Infrastructure", "src\BuildingBlocks\Infrastructure\Infrastructure.csproj", "{0227A4EB-708E-4A21-A5BA-05BB1FDB7D89}"
EndProject
Project("{9A19103F-16F7-4668-BE54-9A1E7A4F7556}") = "Shared", "src\BuildingBlocks\Shared\Shared.csproj", "{1D46B184-370C-48F4-9636-11F40E17A4DA}"
EndProject
Project("{9A19103F-16F7-4668-BE54-9A1E7A4F7556}") = "OcelotApiGw", "src\ApiGateways\OcelotApiGw\OcelotApiGw.csproj", "{C26DADBE-1169-4A55-9305-16F40213B890}"
EndProject
Global
	GlobalSection(SolutionConfigurationPlatforms) = preSolution
		Debug|Any CPU = Debug|Any CPU
		Release|Any CPU = Release|Any CPU
	EndGlobalSection
	GlobalSection(ProjectConfigurationPlatforms) = postSolution
		{F66BBA04-961D-4320-BC30-27315DD7B5B4}.Debug|Any CPU.ActiveCfg = Debug|Any CPU
		{F66BBA04-961D-4320-BC30-27315DD7B5B4}.Debug|Any CPU.Build.0 = Debug|Any CPU
		{F66BBA04-961D-4320-BC30-27315DD7B5B4}.Release|Any CPU.ActiveCfg = Release|Any CPU
		{F66BBA04-961D-4320-BC30-27315DD7B5B4}.Release|Any CPU.Build.0 = Release|Any CPU
		{1D00DD1B-E934-401C-B3E7-164CA4B856B0}.Debug|Any CPU.ActiveCfg = Debug|Any CPU
		{1D00DD1B-E934-401C-B3E7-164CA4B856B0}.Debug|Any CPU.Build.0 = Debug|Any CPU
		{1D00DD1B-E934-401C-B3E7-164CA4B856B0}.Release|Any CPU.ActiveCfg = Release|Any CPU
		{1D00DD1B-E934-401C-B3E7-164CA4B856B0}.Release|Any CPU.Build.0 = Release|Any CPU
		{882BE83A-CFDC-4EF1-AE56-D425AC0AE218}.Debug|Any CPU.ActiveCfg = Debug|Any CPU
		{882BE83A-CFDC-4EF1-AE56-D425AC0AE218}.Debug|Any CPU.Build.0 = Debug|Any CPU
		{882BE83A-CFDC-4EF1-AE56-D425AC0AE218}.Release|Any CPU.ActiveCfg = Release|Any CPU
		{882BE83A-CFDC-4EF1-AE56-D425AC0AE218}.Release|Any CPU.Build.0 = Release|Any CPU
		{29491C6B-B960-4105-8C30-0BE75610567C}.Debug|Any CPU.ActiveCfg = Debug|Any CPU
		{29491C6B-B960-4105-8C30-0BE75610567C}.Debug|Any CPU.Build.0 = Debug|Any CPU
		{29491C6B-B960-4105-8C30-0BE75610567C}.Release|Any CPU.ActiveCfg = Release|Any CPU
		{29491C6B-B960-4105-8C30-0BE75610567C}.Release|Any CPU.Build.0 = Release|Any CPU
		{E5283DB8-F503-469A-8CDB-B5BCB09384C0}.Debug|Any CPU.ActiveCfg = Debug|Any CPU
		{E5283DB8-F503-469A-8CDB-B5BCB09384C0}.Debug|Any CPU.Build.0 = Debug|Any CPU
		{E5283DB8-F503-469A-8CDB-B5BCB09384C0}.Release|Any CPU.ActiveCfg = Release|Any CPU
		{E5283DB8-F503-469A-8CDB-B5BCB09384C0}.Release|Any CPU.Build.0 = Release|Any CPU
		{8FBEF8CA-31AE-43C7-B2F0-1C3247A9A6A7}.Debug|Any CPU.ActiveCfg = Debug|Any CPU
		{8FBEF8CA-31AE-43C7-B2F0-1C3247A9A6A7}.Debug|Any CPU.Build.0 = Debug|Any CPU
		{8FBEF8CA-31AE-43C7-B2F0-1C3247A9A6A7}.Release|Any CPU.ActiveCfg = Release|Any CPU
		{8FBEF8CA-31AE-43C7-B2F0-1C3247A9A6A7}.Release|Any CPU.Build.0 = Release|Any CPU
		{0B59EB64-F795-4D12-9655-5C06E41410B2}.Debug|Any CPU.ActiveCfg = Debug|Any CPU
		{0B59EB64-F795-4D12-9655-5C06E41410B2}.Debug|Any CPU.Build.0 = Debug|Any CPU
		{0B59EB64-F795-4D12-9655-5C06E41410B2}.Release|Any CPU.ActiveCfg = Release|Any CPU
		{0B59EB64-F795-4D12-9655-5C06E41410B2}.Release|Any CPU.Build.0 = Release|Any CPU
		{B6104EA1-84AE-4B53-BBB9-706535F0E54B}.Debug|Any CPU.ActiveCfg = Debug|Any CPU
		{B6104EA1-84AE-4B53-BBB9-706535F0E54B}.Debug|Any CPU.Build.0 = Debug|Any CPU
		{B6104EA1-84AE-4B53-BBB9-706535F0E54B}.Release|Any CPU.ActiveCfg = Release|Any CPU
		{B6104EA1-84AE-4B53-BBB9-706535F0E54B}.Release|Any CPU.Build.0 = Release|Any CPU
		{C67C5BB5-2742-4B02-B6A3-73A0B8688637}.Debug|Any CPU.ActiveCfg = Debug|Any CPU
		{C67C5BB5-2742-4B02-B6A3-73A0B8688637}.Debug|Any CPU.Build.0 = Debug|Any CPU
		{C67C5BB5-2742-4B02-B6A3-73A0B8688637}.Release|Any CPU.ActiveCfg = Release|Any CPU
		{C67C5BB5-2742-4B02-B6A3-73A0B8688637}.Release|Any CPU.Build.0 = Release|Any CPU
		{E38D6A7A-2F3B-44A6-B178-6C9333F57EC6}.Debug|Any CPU.ActiveCfg = Debug|Any CPU
		{E38D6A7A-2F3B-44A6-B178-6C9333F57EC6}.Debug|Any CPU.Build.0 = Debug|Any CPU
		{E38D6A7A-2F3B-44A6-B178-6C9333F57EC6}.Release|Any CPU.ActiveCfg = Release|Any CPU
		{E38D6A7A-2F3B-44A6-B178-6C9333F57EC6}.Release|Any CPU.Build.0 = Release|Any CPU
		{0227A4EB-708E-4A21-A5BA-05BB1FDB7D89}.Debug|Any CPU.ActiveCfg = Debug|Any CPU
		{0227A4EB-708E-4A21-A5BA-05BB1FDB7D89}.Debug|Any CPU.Build.0 = Debug|Any CPU
		{0227A4EB-708E-4A21-A5BA-05BB1FDB7D89}.Release|Any CPU.ActiveCfg = Release|Any CPU
		{0227A4EB-708E-4A21-A5BA-05BB1FDB7D89}.Release|Any CPU.Build.0 = Release|Any CPU
		{1D46B184-370C-48F4-9636-11F40E17A4DA}.Debug|Any CPU.ActiveCfg = Debug|Any CPU
		{1D46B184-370C-48F4-9636-11F40E17A4DA}.Debug|Any CPU.Build.0 = Debug|Any CPU
		{1D46B184-370C-48F4-9636-11F40E17A4DA}.Release|Any CPU.ActiveCfg = Release|Any CPU
		{1D46B184-370C-48F4-9636-11F40E17A4DA}.Release|Any CPU.Build.0 = Release|Any CPU
		{C26DADBE-1169-4A55-9305-16F40213B890}.Debug|Any CPU.ActiveCfg = Debug|Any CPU
		{C26DADBE-1169-4A55-9305-16F40213B890}.Debug|Any CPU.Build.0 = Debug|Any CPU
		{C26DADBE-1169-4A55-9305-16F40213B890}.Release|Any CPU.ActiveCfg = Release|Any CPU
		{C26DADBE-1169-4A55-9305-16F40213B890}.Release|Any CPU.Build.0 = Release|Any CPU
	EndGlobalSection
	GlobalSection(SolutionProperties) = preSolution
		HideSolutionNode = FALSE
	EndGlobalSection
	GlobalSection(NestedProjects) = preSolution
		{324EE98E-E884-44AF-976D-3F63191C21F7} = {C34992C7-F74C-4C11-9366-448003522171}
		{E7A3529F-B524-4DC8-9567-3B17B4047A77} = {C34992C7-F74C-4C11-9366-448003522171}
		{065B866D-D404-4F4F-A70A-83A028E2E23F} = {C34992C7-F74C-4C11-9366-448003522171}
		{2BF82410-8284-439B-B00D-5C990AD7BB1B} = {C34992C7-F74C-4C11-9366-448003522171}
		{F66BBA04-961D-4320-BC30-27315DD7B5B4} = {E7A3529F-B524-4DC8-9567-3B17B4047A77}
		{1D00DD1B-E934-401C-B3E7-164CA4B856B0} = {E7A3529F-B524-4DC8-9567-3B17B4047A77}
		{60FEA658-D68E-47BD-A8E2-3BBB4C70004E} = {065B866D-D404-4F4F-A70A-83A028E2E23F}
		{AC9E6187-4EEF-4602-BAD8-BB25E7E51636} = {065B866D-D404-4F4F-A70A-83A028E2E23F}
		{F1AF4980-3500-4936-AC6E-659AB30E4405} = {065B866D-D404-4F4F-A70A-83A028E2E23F}
		{E4B863E6-5222-4CEF-A877-114371398923} = {065B866D-D404-4F4F-A70A-83A028E2E23F}
		{F6330033-67A6-4928-AE86-FEBCE7AE0A92} = {065B866D-D404-4F4F-A70A-83A028E2E23F}
		{D8EEB5D0-2E7B-4E38-951E-8FE7EF8B8C26} = {065B866D-D404-4F4F-A70A-83A028E2E23F}
		{882BE83A-CFDC-4EF1-AE56-D425AC0AE218} = {2BF82410-8284-439B-B00D-5C990AD7BB1B}
		{29491C6B-B960-4105-8C30-0BE75610567C} = {F1AF4980-3500-4936-AC6E-659AB30E4405}
		{E5283DB8-F503-469A-8CDB-B5BCB09384C0} = {AC9E6187-4EEF-4602-BAD8-BB25E7E51636}
		{8FBEF8CA-31AE-43C7-B2F0-1C3247A9A6A7} = {F6330033-67A6-4928-AE86-FEBCE7AE0A92}
		{0B59EB64-F795-4D12-9655-5C06E41410B2} = {E4B863E6-5222-4CEF-A877-114371398923}
		{B6104EA1-84AE-4B53-BBB9-706535F0E54B} = {60FEA658-D68E-47BD-A8E2-3BBB4C70004E}
		{C67C5BB5-2742-4B02-B6A3-73A0B8688637} = {D8EEB5D0-2E7B-4E38-951E-8FE7EF8B8C26}
		{E38D6A7A-2F3B-44A6-B178-6C9333F57EC6} = {E7A3529F-B524-4DC8-9567-3B17B4047A77}
		{0227A4EB-708E-4A21-A5BA-05BB1FDB7D89} = {E7A3529F-B524-4DC8-9567-3B17B4047A77}
		{1D46B184-370C-48F4-9636-11F40E17A4DA} = {E7A3529F-B524-4DC8-9567-3B17B4047A77}
		{C26DADBE-1169-4A55-9305-16F40213B890} = {324EE98E-E884-44AF-976D-3F63191C21F7}
	EndGlobalSection
	GlobalSection(ExtensibilityGlobals) = postSolution
		SolutionGuid = {0333DA4E-F28A-4B8B-829A-2521E61F83A2}
	EndGlobalSection
EndGlobal
